
Microsoft Visual Studio Solution File, Format Version 12.00
# Visual Studio Version 17
VisualStudioVersion = 17.4.33110.190
MinimumVisualStudioVersion = 10.0.40219.1
Project("{FAE04EC0-301F-11D3-BF4B-00C04F79EFBC}") = "CarRentalProject", "CarRentalProject\CarRentalProject.csproj", "{BD2E4443-E81C-4169-B498-71B524774BE4}"
EndProject
Global
	GlobalSection(SolutionConfigurationPlatforms) = preSolution
		Debug|Any CPU = Debug|Any CPU
		Release|Any CPU = Release|Any CPU
	EndGlobalSection
	GlobalSection(ProjectConfigurationPlatforms) = postSolution
		{BD2E4443-E81C-4169-B498-71B524774BE4}.Debug|Any CPU.ActiveCfg = Debug|Any CPU
		{BD2E4443-E81C-4169-B498-71B524774BE4}.Debug|Any CPU.Build.0 = Debug|Any CPU
		{BD2E4443-E81C-4169-B498-71B524774BE4}.Release|Any CPU.ActiveCfg = Release|Any CPU
		{BD2E4443-E81C-4169-B498-71B524774BE4}.Release|Any CPU.Build.0 = Release|Any CPU
	EndGlobalSection
	GlobalSection(SolutionProperties) = preSolution
		HideSolutionNode = FALSE
	EndGlobalSection
	GlobalSection(ExtensibilityGlobals) = postSolution
		SolutionGuid = {B48E3FEF-31E4-4B7C-8ADC-B613B10E41A9}
	EndGlobalSection
EndGlobal
